
Microsoft Visual Studio Solution File, Format Version 12.00
# Visual Studio Version 16
VisualStudioVersion = 16.0.30114.105
MinimumVisualStudioVersion = 10.0.40219.1
Project("{2150E333-8FDC-42A3-9474-1A3956D46DE8}") = "src", "src", "{9C90E0F7-036A-49C4-8CE6-72DF8BDC3D60}"
EndProject
Project("{FAE04EC0-301F-11D3-BF4B-00C04F79EFBC}") = "API", "src\API\API.csproj", "{8E6DB6E7-3893-4F41-9E0A-E7334047D8A1}"
EndProject
Project("{FAE04EC0-301F-11D3-BF4B-00C04F79EFBC}") = "Generator", "src\Generator\Generator.csproj", "{A458D4B9-D1BF-4EB1-ACBC-85604FC2FB11}"
EndProject
Global
	GlobalSection(SolutionConfigurationPlatforms) = preSolution
		Debug|Any CPU = Debug|Any CPU
		Release|Any CPU = Release|Any CPU
	EndGlobalSection
	GlobalSection(SolutionProperties) = preSolution
		HideSolutionNode = FALSE
	EndGlobalSection
	GlobalSection(ProjectConfigurationPlatforms) = postSolution
		{8E6DB6E7-3893-4F41-9E0A-E7334047D8A1}.Debug|Any CPU.ActiveCfg = Debug|Any CPU
		{8E6DB6E7-3893-4F41-9E0A-E7334047D8A1}.Debug|Any CPU.Build.0 = Debug|Any CPU
		{8E6DB6E7-3893-4F41-9E0A-E7334047D8A1}.Release|Any CPU.ActiveCfg = Release|Any CPU
		{8E6DB6E7-3893-4F41-9E0A-E7334047D8A1}.Release|Any CPU.Build.0 = Release|Any CPU
		{A458D4B9-D1BF-4EB1-ACBC-85604FC2FB11}.Debug|Any CPU.ActiveCfg = Debug|Any CPU
		{A458D4B9-D1BF-4EB1-ACBC-85604FC2FB11}.Debug|Any CPU.Build.0 = Debug|Any CPU
		{A458D4B9-D1BF-4EB1-ACBC-85604FC2FB11}.Release|Any CPU.ActiveCfg = Release|Any CPU
		{A458D4B9-D1BF-4EB1-ACBC-85604FC2FB11}.Release|Any CPU.Build.0 = Release|Any CPU
	EndGlobalSection
	GlobalSection(NestedProjects) = preSolution
		{8E6DB6E7-3893-4F41-9E0A-E7334047D8A1} = {9C90E0F7-036A-49C4-8CE6-72DF8BDC3D60}
		{A458D4B9-D1BF-4EB1-ACBC-85604FC2FB11} = {9C90E0F7-036A-49C4-8CE6-72DF8BDC3D60}
	EndGlobalSection
EndGlobal
